
Microsoft Visual Studio Solution File, Format Version 12.00
# Visual Studio Version 16
VisualStudioVersion = 16.0.31702.278
MinimumVisualStudioVersion = 10.0.40219.1
Project("{FAE04EC0-301F-11D3-BF4B-00C04F79EFBC}") = "ClassHieracrhyExample", "ClassHieracrhyExample\ClassHieracrhyExample.csproj", "{7C80015F-8B01-4A14-9530-3029A08B3C82}"
EndProject
Global
	GlobalSection(SolutionConfigurationPlatforms) = preSolution
		Debug|Any CPU = Debug|Any CPU
		Release|Any CPU = Release|Any CPU
	EndGlobalSection
	GlobalSection(ProjectConfigurationPlatforms) = postSolution
		{7C80015F-8B01-4A14-9530-3029A08B3C82}.Debug|Any CPU.ActiveCfg = Debug|Any CPU
		{7C80015F-8B01-4A14-9530-3029A08B3C82}.Debug|Any CPU.Build.0 = Debug|Any CPU
		{7C80015F-8B01-4A14-9530-3029A08B3C82}.Release|Any CPU.ActiveCfg = Release|Any CPU
		{7C80015F-8B01-4A14-9530-3029A08B3C82}.Release|Any CPU.Build.0 = Release|Any CPU
	EndGlobalSection
	GlobalSection(SolutionProperties) = preSolution
		HideSolutionNode = FALSE
	EndGlobalSection
	GlobalSection(ExtensibilityGlobals) = postSolution
		SolutionGuid = {518041C9-3562-465A-903C-9B98BB05A8D0}
	EndGlobalSection
EndGlobal
